// !$*UTF8*$!
{
	archiveVersion = 1;
	classes = {
	};
	objectVersion = 56;
	objects = {

/* Begin PBXBuildFile section */
		F1AE8E2B2D52442600A9344F /* AppDelegate.swift in Sources */ = {isa = PBXBuildFile; fileRef = F1AE8E2A2D52442600A9344F /* AppDelegate.swift */; };
		F1AE8E2D2D52442600A9344F /* SceneDelegate.swift in Sources */ = {isa = PBXBuildFile; fileRef = F1AE8E2C2D52442600A9344F /* SceneDelegate.swift */; };
		F1AE8E2F2D52442600A9344F /* RMTabViewController.swift in Sources */ = {isa = PBXBuildFile; fileRef = F1AE8E2E2D52442600A9344F /* RMTabViewController.swift */; };
		F1AE8E342D52442700A9344F /* Assets.xcassets in Resources */ = {isa = PBXBuildFile; fileRef = F1AE8E332D52442700A9344F /* Assets.xcassets */; };
		F1AE8E372D52442700A9344F /* Base in Resources */ = {isa = PBXBuildFile; fileRef = F1AE8E362D52442700A9344F /* Base */; };
		F1AE8E462D52550B00A9344F /* RMLocation.swift in Sources */ = {isa = PBXBuildFile; fileRef = F1AE8E452D52550B00A9344F /* RMLocation.swift */; };
		F1AE8E482D52554200A9344F /* RMCharacter.swift in Sources */ = {isa = PBXBuildFile; fileRef = F1AE8E472D52554200A9344F /* RMCharacter.swift */; };
		F1AE8E4A2D52556600A9344F /* RMEpisode.swift in Sources */ = {isa = PBXBuildFile; fileRef = F1AE8E492D52556600A9344F /* RMEpisode.swift */; };
		F1AE8E4D2D5256BA00A9344F /* RMCharacterViewController.swift in Sources */ = {isa = PBXBuildFile; fileRef = F1AE8E4C2D5256BA00A9344F /* RMCharacterViewController.swift */; };
		F1AE8E4F2D5256E100A9344F /* RMLocationViewController.swift in Sources */ = {isa = PBXBuildFile; fileRef = F1AE8E4E2D5256E100A9344F /* RMLocationViewController.swift */; };
		F1AE8E512D5256FD00A9344F /* RMEpisodeViewController.swift in Sources */ = {isa = PBXBuildFile; fileRef = F1AE8E502D5256FD00A9344F /* RMEpisodeViewController.swift */; };
		F1AE8E532D52571C00A9344F /* RMSettingsViewController.swift in Sources */ = {isa = PBXBuildFile; fileRef = F1AE8E522D52571C00A9344F /* RMSettingsViewController.swift */; };
/* End PBXBuildFile section */

/* Begin PBXFileReference section */
		F1AE8E272D52442600A9344F /* RickAndMorty.app */ = {isa = PBXFileReference; explicitFileType = wrapper.application; includeInIndex = 0; path = RickAndMorty.app; sourceTree = BUILT_PRODUCTS_DIR; };
		F1AE8E2A2D52442600A9344F /* AppDelegate.swift */ = {isa = PBXFileReference; lastKnownFileType = sourcecode.swift; path = AppDelegate.swift; sourceTree = "<group>"; };
		F1AE8E2C2D52442600A9344F /* SceneDelegate.swift */ = {isa = PBXFileReference; lastKnownFileType = sourcecode.swift; path = SceneDelegate.swift; sourceTree = "<group>"; };
		F1AE8E2E2D52442600A9344F /* RMTabViewController.swift */ = {isa = PBXFileReference; lastKnownFileType = sourcecode.swift; path = RMTabViewController.swift; sourceTree = "<group>"; };
		F1AE8E332D52442700A9344F /* Assets.xcassets */ = {isa = PBXFileReference; lastKnownFileType = folder.assetcatalog; path = Assets.xcassets; sourceTree = "<group>"; };
		F1AE8E362D52442700A9344F /* Base */ = {isa = PBXFileReference; lastKnownFileType = file.storyboard; name = Base; path = Base.lproj/LaunchScreen.storyboard; sourceTree = "<group>"; };
		F1AE8E382D52442700A9344F /* Info.plist */ = {isa = PBXFileReference; lastKnownFileType = text.plist.xml; path = Info.plist; sourceTree = "<group>"; };
		F1AE8E452D52550B00A9344F /* RMLocation.swift */ = {isa = PBXFileReference; lastKnownFileType = sourcecode.swift; path = RMLocation.swift; sourceTree = "<group>"; };
		F1AE8E472D52554200A9344F /* RMCharacter.swift */ = {isa = PBXFileReference; lastKnownFileType = sourcecode.swift; path = RMCharacter.swift; sourceTree = "<group>"; };
		F1AE8E492D52556600A9344F /* RMEpisode.swift */ = {isa = PBXFileReference; lastKnownFileType = sourcecode.swift; path = RMEpisode.swift; sourceTree = "<group>"; };
		F1AE8E4C2D5256BA00A9344F /* RMCharacterViewController.swift */ = {isa = PBXFileReference; lastKnownFileType = sourcecode.swift; path = RMCharacterViewController.swift; sourceTree = "<group>"; };
		F1AE8E4E2D5256E100A9344F /* RMLocationViewController.swift */ = {isa = PBXFileReference; lastKnownFileType = sourcecode.swift; path = RMLocationViewController.swift; sourceTree = "<group>"; };
		F1AE8E502D5256FD00A9344F /* RMEpisodeViewController.swift */ = {isa = PBXFileReference; lastKnownFileType = sourcecode.swift; path = RMEpisodeViewController.swift; sourceTree = "<group>"; };
		F1AE8E522D52571C00A9344F /* RMSettingsViewController.swift */ = {isa = PBXFileReference; lastKnownFileType = sourcecode.swift; path = RMSettingsViewController.swift; sourceTree = "<group>"; };
/* End PBXFileReference section */

/* Begin PBXFrameworksBuildPhase section */
		F1AE8E242D52442600A9344F /* Frameworks */ = {
			isa = PBXFrameworksBuildPhase;
			buildActionMask = 2147483647;
			files = (
			);
			runOnlyForDeploymentPostprocessing = 0;
		};
/* End PBXFrameworksBuildPhase section */

/* Begin PBXGroup section */
		F1AE8E1E2D52442600A9344F = {
			isa = PBXGroup;
			children = (
				F1AE8E292D52442600A9344F /* RickAndMorty */,
				F1AE8E282D52442600A9344F /* Products */,
			);
			sourceTree = "<group>";
		};
		F1AE8E282D52442600A9344F /* Products */ = {
			isa = PBXGroup;
			children = (
				F1AE8E272D52442600A9344F /* RickAndMorty.app */,
			);
			name = Products;
			sourceTree = "<group>";
		};
		F1AE8E292D52442600A9344F /* RickAndMorty */ = {
			isa = PBXGroup;
			children = (
				F1AE8E442D5253DE00A9344F /* Resources */,
				F1AE8E432D5253CB00A9344F /* Managers */,
				F1AE8E422D52539E00A9344F /* APIClient */,
				F1AE8E412D52537C00A9344F /* ViewModels */,
				F1AE8E402D52536400A9344F /* Views */,
				F1AE8E3F2D52535400A9344F /* Models */,
				F1AE8E3E2D52533700A9344F /* Controllers */,
				F1AE8E382D52442700A9344F /* Info.plist */,
			);
			path = RickAndMorty;
			sourceTree = "<group>";
		};
		F1AE8E3E2D52533700A9344F /* Controllers */ = {
			isa = PBXGroup;
			children = (
				F1AE8E4B2D52566000A9344F /* Core */,
			);
			path = Controllers;
			sourceTree = "<group>";
		};
		F1AE8E3F2D52535400A9344F /* Models */ = {
			isa = PBXGroup;
			children = (
				F1AE8E452D52550B00A9344F /* RMLocation.swift */,
				F1AE8E472D52554200A9344F /* RMCharacter.swift */,
				F1AE8E492D52556600A9344F /* RMEpisode.swift */,
			);
			path = Models;
			sourceTree = "<group>";
		};
		F1AE8E402D52536400A9344F /* Views */ = {
			isa = PBXGroup;
			children = (
			);
			path = Views;
			sourceTree = "<group>";
		};
		F1AE8E412D52537C00A9344F /* ViewModels */ = {
			isa = PBXGroup;
			children = (
			);
			path = ViewModels;
			sourceTree = "<group>";
		};
		F1AE8E422D52539E00A9344F /* APIClient */ = {
			isa = PBXGroup;
			children = (
			);
			path = APIClient;
			sourceTree = "<group>";
		};
		F1AE8E432D5253CB00A9344F /* Managers */ = {
			isa = PBXGroup;
			children = (
			);
			path = Managers;
			sourceTree = "<group>";
		};
		F1AE8E442D5253DE00A9344F /* Resources */ = {
			isa = PBXGroup;
			children = (
				F1AE8E332D52442700A9344F /* Assets.xcassets */,
				F1AE8E352D52442700A9344F /* LaunchScreen.storyboard */,
				F1AE8E2A2D52442600A9344F /* AppDelegate.swift */,
				F1AE8E2C2D52442600A9344F /* SceneDelegate.swift */,
			);
			path = Resources;
			sourceTree = "<group>";
		};
		F1AE8E4B2D52566000A9344F /* Core */ = {
			isa = PBXGroup;
			children = (
				F1AE8E2E2D52442600A9344F /* RMTabViewController.swift */,
				F1AE8E4C2D5256BA00A9344F /* RMCharacterViewController.swift */,
				F1AE8E4E2D5256E100A9344F /* RMLocationViewController.swift */,
				F1AE8E502D5256FD00A9344F /* RMEpisodeViewController.swift */,
				F1AE8E522D52571C00A9344F /* RMSettingsViewController.swift */,
			);
			path = Core;
			sourceTree = "<group>";
		};
/* End PBXGroup section */

/* Begin PBXNativeTarget section */
		F1AE8E262D52442600A9344F /* RickAndMorty */ = {
			isa = PBXNativeTarget;
			buildConfigurationList = F1AE8E3B2D52442700A9344F /* Build configuration list for PBXNativeTarget "RickAndMorty" */;
			buildPhases = (
				F1AE8E232D52442600A9344F /* Sources */,
				F1AE8E242D52442600A9344F /* Frameworks */,
				F1AE8E252D52442600A9344F /* Resources */,
			);
			buildRules = (
			);
			dependencies = (
			);
			name = RickAndMorty;
			productName = RickAndMorty;
			productReference = F1AE8E272D52442600A9344F /* RickAndMorty.app */;
			productType = "com.apple.product-type.application";
		};
/* End PBXNativeTarget section */

/* Begin PBXProject section */
		F1AE8E1F2D52442600A9344F /* Project object */ = {
			isa = PBXProject;
			attributes = {
				BuildIndependentTargetsInParallel = 1;
				LastSwiftUpdateCheck = 1540;
				LastUpgradeCheck = 1540;
				TargetAttributes = {
					F1AE8E262D52442600A9344F = {
						CreatedOnToolsVersion = 15.4;
					};
				};
			};
			buildConfigurationList = F1AE8E222D52442600A9344F /* Build configuration list for PBXProject "RickAndMorty" */;
			compatibilityVersion = "Xcode 14.0";
			developmentRegion = en;
			hasScannedForEncodings = 0;
			knownRegions = (
				en,
				Base,
			);
			mainGroup = F1AE8E1E2D52442600A9344F;
			productRefGroup = F1AE8E282D52442600A9344F /* Products */;
			projectDirPath = "";
			projectRoot = "";
			targets = (
				F1AE8E262D52442600A9344F /* RickAndMorty */,
			);
		};
/* End PBXProject section */

/* Begin PBXResourcesBuildPhase section */
		F1AE8E252D52442600A9344F /* Resources */ = {
			isa = PBXResourcesBuildPhase;
			buildActionMask = 2147483647;
			files = (
				F1AE8E342D52442700A9344F /* Assets.xcassets in Resources */,
				F1AE8E372D52442700A9344F /* Base in Resources */,
			);
			runOnlyForDeploymentPostprocessing = 0;
		};
/* End PBXResourcesBuildPhase section */

/* Begin PBXSourcesBuildPhase section */
		F1AE8E232D52442600A9344F /* Sources */ = {
			isa = PBXSourcesBuildPhase;
			buildActionMask = 2147483647;
			files = (
				F1AE8E4F2D5256E100A9344F /* RMLocationViewController.swift in Sources */,
				F1AE8E4A2D52556600A9344F /* RMEpisode.swift in Sources */,
				F1AE8E2F2D52442600A9344F /* RMTabViewController.swift in Sources */,
				F1AE8E512D5256FD00A9344F /* RMEpisodeViewController.swift in Sources */,
				F1AE8E2B2D52442600A9344F /* AppDelegate.swift in Sources */,
				F1AE8E2D2D52442600A9344F /* SceneDelegate.swift in Sources */,
				F1AE8E532D52571C00A9344F /* RMSettingsViewController.swift in Sources */,
				F1AE8E462D52550B00A9344F /* RMLocation.swift in Sources */,
				F1AE8E482D52554200A9344F /* RMCharacter.swift in Sources */,
				F1AE8E4D2D5256BA00A9344F /* RMCharacterViewController.swift in Sources */,
			);
			runOnlyForDeploymentPostprocessing = 0;
		};
/* End PBXSourcesBuildPhase section */

/* Begin PBXVariantGroup section */
		F1AE8E352D52442700A9344F /* LaunchScreen.storyboard */ = {
			isa = PBXVariantGroup;
			children = (
				F1AE8E362D52442700A9344F /* Base */,
			);
			name = LaunchScreen.storyboard;
			sourceTree = "<group>";
		};
/* End PBXVariantGroup section */

/* Begin XCBuildConfiguration section */
		F1AE8E392D52442700A9344F /* Debug */ = {
			isa = XCBuildConfiguration;
			buildSettings = {
				ALWAYS_SEARCH_USER_PATHS = NO;
				ASSETCATALOG_COMPILER_GENERATE_SWIFT_ASSET_SYMBOL_EXTENSIONS = YES;
				CLANG_ANALYZER_NONNULL = YES;
				CLANG_ANALYZER_NUMBER_OBJECT_CONVERSION = YES_AGGRESSIVE;
				CLANG_CXX_LANGUAGE_STANDARD = "gnu++20";
				CLANG_ENABLE_MODULES = YES;
				CLANG_ENABLE_OBJC_ARC = YES;
				CLANG_ENABLE_OBJC_WEAK = YES;
				CLANG_WARN_BLOCK_CAPTURE_AUTORELEASING = YES;
				CLANG_WARN_BOOL_CONVERSION = YES;
				CLANG_WARN_COMMA = YES;
				CLANG_WARN_CONSTANT_CONVERSION = YES;
				CLANG_WARN_DEPRECATED_OBJC_IMPLEMENTATIONS = YES;
				CLANG_WARN_DIRECT_OBJC_ISA_USAGE = YES_ERROR;
				CLANG_WARN_DOCUMENTATION_COMMENTS = YES;
				CLANG_WARN_EMPTY_BODY = YES;
				CLANG_WARN_ENUM_CONVERSION = YES;
				CLANG_WARN_INFINITE_RECURSION = YES;
				CLANG_WARN_INT_CONVERSION = YES;
				CLANG_WARN_NON_LITERAL_NULL_CONVERSION = YES;
				CLANG_WARN_OBJC_IMPLICIT_RETAIN_SELF = YES;
				CLANG_WARN_OBJC_LITERAL_CONVERSION = YES;
				CLANG_WARN_OBJC_ROOT_CLASS = YES_ERROR;
				CLANG_WARN_QUOTED_INCLUDE_IN_FRAMEWORK_HEADER = YES;
				CLANG_WARN_RANGE_LOOP_ANALYSIS = YES;
				CLANG_WARN_STRICT_PROTOTYPES = YES;
				CLANG_WARN_SUSPICIOUS_MOVE = YES;
				CLANG_WARN_UNGUARDED_AVAILABILITY = YES_AGGRESSIVE;
				CLANG_WARN_UNREACHABLE_CODE = YES;
				CLANG_WARN__DUPLICATE_METHOD_MATCH = YES;
				COPY_PHASE_STRIP = NO;
				DEBUG_INFORMATION_FORMAT = dwarf;
				ENABLE_STRICT_OBJC_MSGSEND = YES;
				ENABLE_TESTABILITY = YES;
				ENABLE_USER_SCRIPT_SANDBOXING = YES;
				GCC_C_LANGUAGE_STANDARD = gnu17;
				GCC_DYNAMIC_NO_PIC = NO;
				GCC_NO_COMMON_BLOCKS = YES;
				GCC_OPTIMIZATION_LEVEL = 0;
				GCC_PREPROCESSOR_DEFINITIONS = (
					"DEBUG=1",
					"$(inherited)",
				);
				GCC_WARN_64_TO_32_BIT_CONVERSION = YES;
				GCC_WARN_ABOUT_RETURN_TYPE = YES_ERROR;
				GCC_WARN_UNDECLARED_SELECTOR = YES;
				GCC_WARN_UNINITIALIZED_AUTOS = YES_AGGRESSIVE;
				GCC_WARN_UNUSED_FUNCTION = YES;
				GCC_WARN_UNUSED_VARIABLE = YES;
				IPHONEOS_DEPLOYMENT_TARGET = 17.5;
				LOCALIZATION_PREFERS_STRING_CATALOGS = YES;
				MTL_ENABLE_DEBUG_INFO = INCLUDE_SOURCE;
				MTL_FAST_MATH = YES;
				ONLY_ACTIVE_ARCH = YES;
				SDKROOT = iphoneos;
				SWIFT_ACTIVE_COMPILATION_CONDITIONS = "DEBUG $(inherited)";
				SWIFT_OPTIMIZATION_LEVEL = "-Onone";
			};
			name = Debug;
		};
		F1AE8E3A2D52442700A9344F /* Release */ = {
			isa = XCBuildConfiguration;
			buildSettings = {
				ALWAYS_SEARCH_USER_PATHS = NO;
				ASSETCATALOG_COMPILER_GENERATE_SWIFT_ASSET_SYMBOL_EXTENSIONS = YES;
				CLANG_ANALYZER_NONNULL = YES;
				CLANG_ANALYZER_NUMBER_OBJECT_CONVERSION = YES_AGGRESSIVE;
				CLANG_CXX_LANGUAGE_STANDARD = "gnu++20";
				CLANG_ENABLE_MODULES = YES;
				CLANG_ENABLE_OBJC_ARC = YES;
				CLANG_ENABLE_OBJC_WEAK = YES;
				CLANG_WARN_BLOCK_CAPTURE_AUTORELEASING = YES;
				CLANG_WARN_BOOL_CONVERSION = YES;
				CLANG_WARN_COMMA = YES;
				CLANG_WARN_CONSTANT_CONVERSION = YES;
				CLANG_WARN_DEPRECATED_OBJC_IMPLEMENTATIONS = YES;
				CLANG_WARN_DIRECT_OBJC_ISA_USAGE = YES_ERROR;
				CLANG_WARN_DOCUMENTATION_COMMENTS = YES;
				CLANG_WARN_EMPTY_BODY = YES;
				CLANG_WARN_ENUM_CONVERSION = YES;
				CLANG_WARN_INFINITE_RECURSION = YES;
				CLANG_WARN_INT_CONVERSION = YES;
				CLANG_WARN_NON_LITERAL_NULL_CONVERSION = YES;
				CLANG_WARN_OBJC_IMPLICIT_RETAIN_SELF = YES;
				CLANG_WARN_OBJC_LITERAL_CONVERSION = YES;
				CLANG_WARN_OBJC_ROOT_CLASS = YES_ERROR;
				CLANG_WARN_QUOTED_INCLUDE_IN_FRAMEWORK_HEADER = YES;
				CLANG_WARN_RANGE_LOOP_ANALYSIS = YES;
				CLANG_WARN_STRICT_PROTOTYPES = YES;
				CLANG_WARN_SUSPICIOUS_MOVE = YES;
				CLANG_WARN_UNGUARDED_AVAILABILITY = YES_AGGRESSIVE;
				CLANG_WARN_UNREACHABLE_CODE = YES;
				CLANG_WARN__DUPLICATE_METHOD_MATCH = YES;
				COPY_PHASE_STRIP = NO;
				DEBUG_INFORMATION_FORMAT = "dwarf-with-dsym";
				ENABLE_NS_ASSERTIONS = NO;
				ENABLE_STRICT_OBJC_MSGSEND = YES;
				ENABLE_USER_SCRIPT_SANDBOXING = YES;
				GCC_C_LANGUAGE_STANDARD = gnu17;
				GCC_NO_COMMON_BLOCKS = YES;
				GCC_WARN_64_TO_32_BIT_CONVERSION = YES;
				GCC_WARN_ABOUT_RETURN_TYPE = YES_ERROR;
				GCC_WARN_UNDECLARED_SELECTOR = YES;
				GCC_WARN_UNINITIALIZED_AUTOS = YES_AGGRESSIVE;
				GCC_WARN_UNUSED_FUNCTION = YES;
				GCC_WARN_UNUSED_VARIABLE = YES;
				IPHONEOS_DEPLOYMENT_TARGET = 17.5;
				LOCALIZATION_PREFERS_STRING_CATALOGS = YES;
				MTL_ENABLE_DEBUG_INFO = NO;
				MTL_FAST_MATH = YES;
				SDKROOT = iphoneos;
				SWIFT_COMPILATION_MODE = wholemodule;
				VALIDATE_PRODUCT = YES;
			};
			name = Release;
		};
		F1AE8E3C2D52442700A9344F /* Debug */ = {
			isa = XCBuildConfiguration;
			buildSettings = {
				ASSETCATALOG_COMPILER_APPICON_NAME = AppIcon;
				ASSETCATALOG_COMPILER_GLOBAL_ACCENT_COLOR_NAME = AccentColor;
				CODE_SIGN_STYLE = Automatic;
				CURRENT_PROJECT_VERSION = 1;
				DEVELOPMENT_TEAM = FVKQJMY97Q;
				GENERATE_INFOPLIST_FILE = YES;
				INFOPLIST_FILE = RickAndMorty/Info.plist;
				INFOPLIST_KEY_UIApplicationSupportsIndirectInputEvents = YES;
				INFOPLIST_KEY_UILaunchStoryboardName = LaunchScreen;
				INFOPLIST_KEY_UISupportedInterfaceOrientations_iPad = "UIInterfaceOrientationPortrait UIInterfaceOrientationPortraitUpsideDown UIInterfaceOrientationLandscapeLeft UIInterfaceOrientationLandscapeRight";
				INFOPLIST_KEY_UISupportedInterfaceOrientations_iPhone = "UIInterfaceOrientationPortrait UIInterfaceOrientationLandscapeLeft UIInterfaceOrientationLandscapeRight";
				LD_RUNPATH_SEARCH_PATHS = (
					"$(inherited)",
					"@executable_path/Frameworks",
				);
				MARKETING_VERSION = 1.0;
				PRODUCT_BUNDLE_IDENTIFIER = com.damlabusedev.RickAndMorty;
				PRODUCT_NAME = "$(TARGET_NAME)";
				SWIFT_EMIT_LOC_STRINGS = YES;
				SWIFT_VERSION = 5.0;
				TARGETED_DEVICE_FAMILY = "1,2";
			};
			name = Debug;
		};
		F1AE8E3D2D52442700A9344F /* Release */ = {
			isa = XCBuildConfiguration;
			buildSettings = {
				ASSETCATALOG_COMPILER_APPICON_NAME = AppIcon;
				ASSETCATALOG_COMPILER_GLOBAL_ACCENT_COLOR_NAME = AccentColor;
				CODE_SIGN_STYLE = Automatic;
				CURRENT_PROJECT_VERSION = 1;
				DEVELOPMENT_TEAM = FVKQJMY97Q;
				GENERATE_INFOPLIST_FILE = YES;
				INFOPLIST_FILE = RickAndMorty/Info.plist;
				INFOPLIST_KEY_UIApplicationSupportsIndirectInputEvents = YES;
				INFOPLIST_KEY_UILaunchStoryboardName = LaunchScreen;
				INFOPLIST_KEY_UISupportedInterfaceOrientations_iPad = "UIInterfaceOrientationPortrait UIInterfaceOrientationPortraitUpsideDown UIInterfaceOrientationLandscapeLeft UIInterfaceOrientationLandscapeRight";
				INFOPLIST_KEY_UISupportedInterfaceOrientations_iPhone = "UIInterfaceOrientationPortrait UIInterfaceOrientationLandscapeLeft UIInterfaceOrientationLandscapeRight";
				LD_RUNPATH_SEARCH_PATHS = (
					"$(inherited)",
					"@executable_path/Frameworks",
				);
				MARKETING_VERSION = 1.0;
				PRODUCT_BUNDLE_IDENTIFIER = com.damlabusedev.RickAndMorty;
				PRODUCT_NAME = "$(TARGET_NAME)";
				SWIFT_EMIT_LOC_STRINGS = YES;
				SWIFT_VERSION = 5.0;
				TARGETED_DEVICE_FAMILY = "1,2";
			};
			name = Release;
		};
/* End XCBuildConfiguration section */

/* Begin XCConfigurationList section */
		F1AE8E222D52442600A9344F /* Build configuration list for PBXProject "RickAndMorty" */ = {
			isa = XCConfigurationList;
			buildConfigurations = (
				F1AE8E392D52442700A9344F /* Debug */,
				F1AE8E3A2D52442700A9344F /* Release */,
			);
			defaultConfigurationIsVisible = 0;
			defaultConfigurationName = Release;
		};
		F1AE8E3B2D52442700A9344F /* Build configuration list for PBXNativeTarget "RickAndMorty" */ = {
			isa = XCConfigurationList;
			buildConfigurations = (
				F1AE8E3C2D52442700A9344F /* Debug */,
				F1AE8E3D2D52442700A9344F /* Release */,
			);
			defaultConfigurationIsVisible = 0;
			defaultConfigurationName = Release;
		};
/* End XCConfigurationList section */
	};
	rootObject = F1AE8E1F2D52442600A9344F /* Project object */;
}
